// !$*UTF8*$!
{
	archiveVersion = 1;
	classes = {
	};
	objectVersion = 50;
	objects = {

/* Begin PBXBuildFile section */
		B83BC9B1257F4F4100D2D252 /* AppDelegate.swift in Sources */ = {isa = PBXBuildFile; fileRef = B83BC9B0257F4F4100D2D252 /* AppDelegate.swift */; };
		B83BC9B3257F4F4100D2D252 /* SceneDelegate.swift in Sources */ = {isa = PBXBuildFile; fileRef = B83BC9B2257F4F4100D2D252 /* SceneDelegate.swift */; };
		B83BC9B5257F4F4100D2D252 /* ContentView.swift in Sources */ = {isa = PBXBuildFile; fileRef = B83BC9B4257F4F4100D2D252 /* ContentView.swift */; };
		B83BC9B7257F4F4200D2D252 /* Assets.xcassets in Resources */ = {isa = PBXBuildFile; fileRef = B83BC9B6257F4F4200D2D252 /* Assets.xcassets */; };
		B83BC9BA257F4F4200D2D252 /* Preview Assets.xcassets in Resources */ = {isa = PBXBuildFile; fileRef = B83BC9B9257F4F4200D2D252 /* Preview Assets.xcassets */; };
		B83BC9BD257F4F4200D2D252 /* LaunchScreen.storyboard in Resources */ = {isa = PBXBuildFile; fileRef = B83BC9BB257F4F4200D2D252 /* LaunchScreen.storyboard */; };
		B83BC9C8257F4F4200D2D252 /* AlibiTests.swift in Sources */ = {isa = PBXBuildFile; fileRef = B83BC9C7257F4F4200D2D252 /* AlibiTests.swift */; };
		B83BC9D3257F4F4200D2D252 /* AlibiUITests.swift in Sources */ = {isa = PBXBuildFile; fileRef = B83BC9D2257F4F4200D2D252 /* AlibiUITests.swift */; };
		B8B11C60257F54BF003CAA1D /* Event.swift in Sources */ = {isa = PBXBuildFile; fileRef = B8B11C5F257F54BF003CAA1D /* Event.swift */; };
		B8B11C6A257F55D2003CAA1D /* EventRowView.swift in Sources */ = {isa = PBXBuildFile; fileRef = B8B11C69257F55D2003CAA1D /* EventRowView.swift */; };
		B8B11C6F257F5615003CAA1D /* ApiClient.swift in Sources */ = {isa = PBXBuildFile; fileRef = B8B11C6E257F5615003CAA1D /* ApiClient.swift */; };
		B8B11C74257F56E1003CAA1D /* EventDetailView.swift in Sources */ = {isa = PBXBuildFile; fileRef = B8B11C73257F56E1003CAA1D /* EventDetailView.swift */; };
		B8B11C8F2580AD0E003CAA1D /* CoreLocation.framework in Frameworks */ = {isa = PBXBuildFile; fileRef = B8B11C8E2580AD0E003CAA1D /* CoreLocation.framework */; };
		B8B11C942580AED1003CAA1D /* LocationManager.swift in Sources */ = {isa = PBXBuildFile; fileRef = B8B11C932580AED1003CAA1D /* LocationManager.swift */; };
		B8B11C9F2597765C003CAA1D /* TimelineView.swift in Sources */ = {isa = PBXBuildFile; fileRef = B8B11C9E2597765C003CAA1D /* TimelineView.swift */; };
		B8B11CA425977679003CAA1D /* ReportView.swift in Sources */ = {isa = PBXBuildFile; fileRef = B8B11CA325977679003CAA1D /* ReportView.swift */; };
		B8B11CA925977764003CAA1D /* HomeView.swift in Sources */ = {isa = PBXBuildFile; fileRef = B8B11CA825977764003CAA1D /* HomeView.swift */; };
		B8B11CAF259781C2003CAA1D /* PageViewController.swift in Sources */ = {isa = PBXBuildFile; fileRef = B8B11CAE259781C2003CAA1D /* PageViewController.swift */; };
		B8B11CB725978206003CAA1D /* PageView.swift in Sources */ = {isa = PBXBuildFile; fileRef = B8B11CB625978206003CAA1D /* PageView.swift */; };
		B8B11CCA25AD72E6003CAA1D /* HexColor.swift in Sources */ = {isa = PBXBuildFile; fileRef = B8B11CC925AD72E6003CAA1D /* HexColor.swift */; };
		B8B11CCF25ADA554003CAA1D /* Chart.swift in Sources */ = {isa = PBXBuildFile; fileRef = B8B11CCE25ADA554003CAA1D /* Chart.swift */; };
/* End PBXBuildFile section */

/* Begin PBXContainerItemProxy section */
		B83BC9C4257F4F4200D2D252 /* PBXContainerItemProxy */ = {
			isa = PBXContainerItemProxy;
			containerPortal = B83BC9A5257F4F4100D2D252 /* Project object */;
			proxyType = 1;
			remoteGlobalIDString = B83BC9AC257F4F4100D2D252;
			remoteInfo = Alibi;
		};
		B83BC9CF257F4F4200D2D252 /* PBXContainerItemProxy */ = {
			isa = PBXContainerItemProxy;
			containerPortal = B83BC9A5257F4F4100D2D252 /* Project object */;
			proxyType = 1;
			remoteGlobalIDString = B83BC9AC257F4F4100D2D252;
			remoteInfo = Alibi;
		};
/* End PBXContainerItemProxy section */

/* Begin PBXFileReference section */
		B83BC9AD257F4F4100D2D252 /* Alibi.app */ = {isa = PBXFileReference; explicitFileType = wrapper.application; includeInIndex = 0; path = Alibi.app; sourceTree = BUILT_PRODUCTS_DIR; };
		B83BC9B0257F4F4100D2D252 /* AppDelegate.swift */ = {isa = PBXFileReference; lastKnownFileType = sourcecode.swift; path = AppDelegate.swift; sourceTree = "<group>"; };
		B83BC9B2257F4F4100D2D252 /* SceneDelegate.swift */ = {isa = PBXFileReference; lastKnownFileType = sourcecode.swift; path = SceneDelegate.swift; sourceTree = "<group>"; };
		B83BC9B4257F4F4100D2D252 /* ContentView.swift */ = {isa = PBXFileReference; lastKnownFileType = sourcecode.swift; path = ContentView.swift; sourceTree = "<group>"; };
		B83BC9B6257F4F4200D2D252 /* Assets.xcassets */ = {isa = PBXFileReference; lastKnownFileType = folder.assetcatalog; path = Assets.xcassets; sourceTree = "<group>"; };
		B83BC9B9257F4F4200D2D252 /* Preview Assets.xcassets */ = {isa = PBXFileReference; lastKnownFileType = folder.assetcatalog; path = "Preview Assets.xcassets"; sourceTree = "<group>"; };
		B83BC9BC257F4F4200D2D252 /* Base */ = {isa = PBXFileReference; lastKnownFileType = file.storyboard; name = Base; path = Base.lproj/LaunchScreen.storyboard; sourceTree = "<group>"; };
		B83BC9BE257F4F4200D2D252 /* Info.plist */ = {isa = PBXFileReference; lastKnownFileType = text.plist.xml; path = Info.plist; sourceTree = "<group>"; };
		B83BC9C3257F4F4200D2D252 /* AlibiTests.xctest */ = {isa = PBXFileReference; explicitFileType = wrapper.cfbundle; includeInIndex = 0; path = AlibiTests.xctest; sourceTree = BUILT_PRODUCTS_DIR; };
		B83BC9C7257F4F4200D2D252 /* AlibiTests.swift */ = {isa = PBXFileReference; lastKnownFileType = sourcecode.swift; path = AlibiTests.swift; sourceTree = "<group>"; };
		B83BC9C9257F4F4200D2D252 /* Info.plist */ = {isa = PBXFileReference; lastKnownFileType = text.plist.xml; path = Info.plist; sourceTree = "<group>"; };
		B83BC9CE257F4F4200D2D252 /* AlibiUITests.xctest */ = {isa = PBXFileReference; explicitFileType = wrapper.cfbundle; includeInIndex = 0; path = AlibiUITests.xctest; sourceTree = BUILT_PRODUCTS_DIR; };
		B83BC9D2257F4F4200D2D252 /* AlibiUITests.swift */ = {isa = PBXFileReference; lastKnownFileType = sourcecode.swift; path = AlibiUITests.swift; sourceTree = "<group>"; };
		B83BC9D4257F4F4200D2D252 /* Info.plist */ = {isa = PBXFileReference; lastKnownFileType = text.plist.xml; path = Info.plist; sourceTree = "<group>"; };
		B8B11C5F257F54BF003CAA1D /* Event.swift */ = {isa = PBXFileReference; lastKnownFileType = sourcecode.swift; path = Event.swift; sourceTree = "<group>"; };
		B8B11C69257F55D2003CAA1D /* EventRowView.swift */ = {isa = PBXFileReference; lastKnownFileType = sourcecode.swift; path = EventRowView.swift; sourceTree = "<group>"; };
		B8B11C6E257F5615003CAA1D /* ApiClient.swift */ = {isa = PBXFileReference; lastKnownFileType = sourcecode.swift; path = ApiClient.swift; sourceTree = "<group>"; };
		B8B11C73257F56E1003CAA1D /* EventDetailView.swift */ = {isa = PBXFileReference; lastKnownFileType = sourcecode.swift; path = EventDetailView.swift; sourceTree = "<group>"; };
		B8B11C8E2580AD0E003CAA1D /* CoreLocation.framework */ = {isa = PBXFileReference; lastKnownFileType = wrapper.framework; name = CoreLocation.framework; path = System/Library/Frameworks/CoreLocation.framework; sourceTree = SDKROOT; };
		B8B11C932580AED1003CAA1D /* LocationManager.swift */ = {isa = PBXFileReference; lastKnownFileType = sourcecode.swift; path = LocationManager.swift; sourceTree = "<group>"; };
		B8B11C9E2597765C003CAA1D /* TimelineView.swift */ = {isa = PBXFileReference; lastKnownFileType = sourcecode.swift; path = TimelineView.swift; sourceTree = "<group>"; };
		B8B11CA325977679003CAA1D /* ReportView.swift */ = {isa = PBXFileReference; lastKnownFileType = sourcecode.swift; path = ReportView.swift; sourceTree = "<group>"; };
		B8B11CA825977764003CAA1D /* HomeView.swift */ = {isa = PBXFileReference; lastKnownFileType = sourcecode.swift; path = HomeView.swift; sourceTree = "<group>"; };
		B8B11CAE259781C2003CAA1D /* PageViewController.swift */ = {isa = PBXFileReference; lastKnownFileType = sourcecode.swift; path = PageViewController.swift; sourceTree = "<group>"; };
		B8B11CB625978206003CAA1D /* PageView.swift */ = {isa = PBXFileReference; lastKnownFileType = sourcecode.swift; path = PageView.swift; sourceTree = "<group>"; };
		B8B11CC925AD72E6003CAA1D /* HexColor.swift */ = {isa = PBXFileReference; lastKnownFileType = sourcecode.swift; path = HexColor.swift; sourceTree = "<group>"; };
		B8B11CCE25ADA554003CAA1D /* Chart.swift */ = {isa = PBXFileReference; lastKnownFileType = sourcecode.swift; path = Chart.swift; sourceTree = "<group>"; };
/* End PBXFileReference section */

/* Begin PBXFrameworksBuildPhase section */
		B83BC9AA257F4F4100D2D252 /* Frameworks */ = {
			isa = PBXFrameworksBuildPhase;
			buildActionMask = 2147483647;
			files = (
				B8B11C8F2580AD0E003CAA1D /* CoreLocation.framework in Frameworks */,
			);
			runOnlyForDeploymentPostprocessing = 0;
		};
		B83BC9C0257F4F4200D2D252 /* Frameworks */ = {
			isa = PBXFrameworksBuildPhase;
			buildActionMask = 2147483647;
			files = (
			);
			runOnlyForDeploymentPostprocessing = 0;
		};
		B83BC9CB257F4F4200D2D252 /* Frameworks */ = {
			isa = PBXFrameworksBuildPhase;
			buildActionMask = 2147483647;
			files = (
			);
			runOnlyForDeploymentPostprocessing = 0;
		};
/* End PBXFrameworksBuildPhase section */

/* Begin PBXGroup section */
		B83BC9A4257F4F4100D2D252 = {
			isa = PBXGroup;
			children = (
				B83BC9AF257F4F4100D2D252 /* Alibi */,
				B83BC9C6257F4F4200D2D252 /* AlibiTests */,
				B83BC9D1257F4F4200D2D252 /* AlibiUITests */,
				B83BC9AE257F4F4100D2D252 /* Products */,
				B8B11C8D2580AD0E003CAA1D /* Frameworks */,
			);
			sourceTree = "<group>";
		};
		B83BC9AE257F4F4100D2D252 /* Products */ = {
			isa = PBXGroup;
			children = (
				B83BC9AD257F4F4100D2D252 /* Alibi.app */,
				B83BC9C3257F4F4200D2D252 /* AlibiTests.xctest */,
				B83BC9CE257F4F4200D2D252 /* AlibiUITests.xctest */,
			);
			name = Products;
			sourceTree = "<group>";
		};
		B83BC9AF257F4F4100D2D252 /* Alibi */ = {
			isa = PBXGroup;
			children = (
				B8B11CAD259781AD003CAA1D /* ViewController */,
				B83BC9B0257F4F4100D2D252 /* AppDelegate.swift */,
				B8B11C7A257F58E7003CAA1D /* Lib */,
				B83BC9B2257F4F4100D2D252 /* SceneDelegate.swift */,
				B8B11C78257F5899003CAA1D /* Model */,
				B83BC9B6257F4F4200D2D252 /* Assets.xcassets */,
				B8B11C79257F58A1003CAA1D /* Views */,
				B83BC9BB257F4F4200D2D252 /* LaunchScreen.storyboard */,
				B83BC9BE257F4F4200D2D252 /* Info.plist */,
				B83BC9B8257F4F4200D2D252 /* Preview Content */,
				B8B11C69257F55D2003CAA1D /* EventRowView.swift */,
			);
			path = Alibi;
			sourceTree = "<group>";
		};
		B83BC9B8257F4F4200D2D252 /* Preview Content */ = {
			isa = PBXGroup;
			children = (
				B83BC9B9257F4F4200D2D252 /* Preview Assets.xcassets */,
			);
			path = "Preview Content";
			sourceTree = "<group>";
		};
		B83BC9C6257F4F4200D2D252 /* AlibiTests */ = {
			isa = PBXGroup;
			children = (
				B83BC9C7257F4F4200D2D252 /* AlibiTests.swift */,
				B83BC9C9257F4F4200D2D252 /* Info.plist */,
			);
			path = AlibiTests;
			sourceTree = "<group>";
		};
		B83BC9D1257F4F4200D2D252 /* AlibiUITests */ = {
			isa = PBXGroup;
			children = (
				B83BC9D2257F4F4200D2D252 /* AlibiUITests.swift */,
				B83BC9D4257F4F4200D2D252 /* Info.plist */,
			);
			path = AlibiUITests;
			sourceTree = "<group>";
		};
		B8B11C78257F5899003CAA1D /* Model */ = {
			isa = PBXGroup;
			children = (
				B8B11C5F257F54BF003CAA1D /* Event.swift */,
			);
			path = Model;
			sourceTree = "<group>";
		};
		B8B11C79257F58A1003CAA1D /* Views */ = {
			isa = PBXGroup;
			children = (
				B83BC9B4257F4F4100D2D252 /* ContentView.swift */,
				B8B11C73257F56E1003CAA1D /* EventDetailView.swift */,
				B8B11C9E2597765C003CAA1D /* TimelineView.swift */,
				B8B11CA325977679003CAA1D /* ReportView.swift */,
				B8B11CA825977764003CAA1D /* HomeView.swift */,
				B8B11CB625978206003CAA1D /* PageView.swift */,
				B8B11CCE25ADA554003CAA1D /* Chart.swift */,
			);
			path = Views;
			sourceTree = "<group>";
		};
		B8B11C7A257F58E7003CAA1D /* Lib */ = {
			isa = PBXGroup;
			children = (
				B8B11C6E257F5615003CAA1D /* ApiClient.swift */,
				B8B11C932580AED1003CAA1D /* LocationManager.swift */,
				B8B11CC925AD72E6003CAA1D /* HexColor.swift */,
			);
			path = Lib;
			sourceTree = "<group>";
		};
		B8B11C8D2580AD0E003CAA1D /* Frameworks */ = {
			isa = PBXGroup;
			children = (
				B8B11C8E2580AD0E003CAA1D /* CoreLocation.framework */,
			);
			name = Frameworks;
			sourceTree = "<group>";
		};
		B8B11CAD259781AD003CAA1D /* ViewController */ = {
			isa = PBXGroup;
			children = (
				B8B11CAE259781C2003CAA1D /* PageViewController.swift */,
			);
			path = ViewController;
			sourceTree = "<group>";
		};
/* End PBXGroup section */

/* Begin PBXNativeTarget section */
		B83BC9AC257F4F4100D2D252 /* Alibi */ = {
			isa = PBXNativeTarget;
			buildConfigurationList = B83BC9D7257F4F4200D2D252 /* Build configuration list for PBXNativeTarget "Alibi" */;
			buildPhases = (
				B83BC9A9257F4F4100D2D252 /* Sources */,
				B83BC9AA257F4F4100D2D252 /* Frameworks */,
				B83BC9AB257F4F4100D2D252 /* Resources */,
			);
			buildRules = (
			);
			dependencies = (
			);
			name = Alibi;
			productName = Alibi;
			productReference = B83BC9AD257F4F4100D2D252 /* Alibi.app */;
			productType = "com.apple.product-type.application";
		};
		B83BC9C2257F4F4200D2D252 /* AlibiTests */ = {
			isa = PBXNativeTarget;
			buildConfigurationList = B83BC9DA257F4F4200D2D252 /* Build configuration list for PBXNativeTarget "AlibiTests" */;
			buildPhases = (
				B83BC9BF257F4F4200D2D252 /* Sources */,
				B83BC9C0257F4F4200D2D252 /* Frameworks */,
				B83BC9C1257F4F4200D2D252 /* Resources */,
			);
			buildRules = (
			);
			dependencies = (
				B83BC9C5257F4F4200D2D252 /* PBXTargetDependency */,
			);
			name = AlibiTests;
			productName = AlibiTests;
			productReference = B83BC9C3257F4F4200D2D252 /* AlibiTests.xctest */;
			productType = "com.apple.product-type.bundle.unit-test";
		};
		B83BC9CD257F4F4200D2D252 /* AlibiUITests */ = {
			isa = PBXNativeTarget;
			buildConfigurationList = B83BC9DD257F4F4200D2D252 /* Build configuration list for PBXNativeTarget "AlibiUITests" */;
			buildPhases = (
				B83BC9CA257F4F4200D2D252 /* Sources */,
				B83BC9CB257F4F4200D2D252 /* Frameworks */,
				B83BC9CC257F4F4200D2D252 /* Resources */,
			);
			buildRules = (
			);
			dependencies = (
				B83BC9D0257F4F4200D2D252 /* PBXTargetDependency */,
			);
			name = AlibiUITests;
			productName = AlibiUITests;
			productReference = B83BC9CE257F4F4200D2D252 /* AlibiUITests.xctest */;
			productType = "com.apple.product-type.bundle.ui-testing";
		};
/* End PBXNativeTarget section */

/* Begin PBXProject section */
		B83BC9A5257F4F4100D2D252 /* Project object */ = {
			isa = PBXProject;
			attributes = {
				LastSwiftUpdateCheck = 1230;
				LastUpgradeCheck = 1230;
				TargetAttributes = {
					B83BC9AC257F4F4100D2D252 = {
						CreatedOnToolsVersion = 12.3;
					};
					B83BC9C2257F4F4200D2D252 = {
						CreatedOnToolsVersion = 12.3;
						TestTargetID = B83BC9AC257F4F4100D2D252;
					};
					B83BC9CD257F4F4200D2D252 = {
						CreatedOnToolsVersion = 12.3;
						TestTargetID = B83BC9AC257F4F4100D2D252;
					};
				};
			};
			buildConfigurationList = B83BC9A8257F4F4100D2D252 /* Build configuration list for PBXProject "Alibi" */;
			compatibilityVersion = "Xcode 9.3";
			developmentRegion = en;
			hasScannedForEncodings = 0;
			knownRegions = (
				en,
				Base,
			);
			mainGroup = B83BC9A4257F4F4100D2D252;
			productRefGroup = B83BC9AE257F4F4100D2D252 /* Products */;
			projectDirPath = "";
			projectRoot = "";
			targets = (
				B83BC9AC257F4F4100D2D252 /* Alibi */,
				B83BC9C2257F4F4200D2D252 /* AlibiTests */,
				B83BC9CD257F4F4200D2D252 /* AlibiUITests */,
			);
		};
/* End PBXProject section */

/* Begin PBXResourcesBuildPhase section */
		B83BC9AB257F4F4100D2D252 /* Resources */ = {
			isa = PBXResourcesBuildPhase;
			buildActionMask = 2147483647;
			files = (
				B83BC9BD257F4F4200D2D252 /* LaunchScreen.storyboard in Resources */,
				B83BC9BA257F4F4200D2D252 /* Preview Assets.xcassets in Resources */,
				B83BC9B7257F4F4200D2D252 /* Assets.xcassets in Resources */,
			);
			runOnlyForDeploymentPostprocessing = 0;
		};
		B83BC9C1257F4F4200D2D252 /* Resources */ = {
			isa = PBXResourcesBuildPhase;
			buildActionMask = 2147483647;
			files = (
			);
			runOnlyForDeploymentPostprocessing = 0;
		};
		B83BC9CC257F4F4200D2D252 /* Resources */ = {
			isa = PBXResourcesBuildPhase;
			buildActionMask = 2147483647;
			files = (
			);
			runOnlyForDeploymentPostprocessing = 0;
		};
/* End PBXResourcesBuildPhase section */

/* Begin PBXSourcesBuildPhase section */
		B83BC9A9257F4F4100D2D252 /* Sources */ = {
			isa = PBXSourcesBuildPhase;
			buildActionMask = 2147483647;
			files = (
				B8B11C6F257F5615003CAA1D /* ApiClient.swift in Sources */,
				B83BC9B1257F4F4100D2D252 /* AppDelegate.swift in Sources */,
				B8B11C6A257F55D2003CAA1D /* EventRowView.swift in Sources */,
				B8B11CAF259781C2003CAA1D /* PageViewController.swift in Sources */,
				B8B11CB725978206003CAA1D /* PageView.swift in Sources */,
				B8B11CCF25ADA554003CAA1D /* Chart.swift in Sources */,
				B83BC9B3257F4F4100D2D252 /* SceneDelegate.swift in Sources */,
				B8B11C942580AED1003CAA1D /* LocationManager.swift in Sources */,
				B8B11CCA25AD72E6003CAA1D /* HexColor.swift in Sources */,
				B8B11CA925977764003CAA1D /* HomeView.swift in Sources */,
				B8B11C74257F56E1003CAA1D /* EventDetailView.swift in Sources */,
				B83BC9B5257F4F4100D2D252 /* ContentView.swift in Sources */,
				B8B11C9F2597765C003CAA1D /* TimelineView.swift in Sources */,
				B8B11CA425977679003CAA1D /* ReportView.swift in Sources */,
				B8B11C60257F54BF003CAA1D /* Event.swift in Sources */,
			);
			runOnlyForDeploymentPostprocessing = 0;
		};
		B83BC9BF257F4F4200D2D252 /* Sources */ = {
			isa = PBXSourcesBuildPhase;
			buildActionMask = 2147483647;
			files = (
				B83BC9C8257F4F4200D2D252 /* AlibiTests.swift in Sources */,
			);
			runOnlyForDeploymentPostprocessing = 0;
		};
		B83BC9CA257F4F4200D2D252 /* Sources */ = {
			isa = PBXSourcesBuildPhase;
			buildActionMask = 2147483647;
			files = (
				B83BC9D3257F4F4200D2D252 /* AlibiUITests.swift in Sources */,
			);
			runOnlyForDeploymentPostprocessing = 0;
		};
/* End PBXSourcesBuildPhase section */

/* Begin PBXTargetDependency section */
		B83BC9C5257F4F4200D2D252 /* PBXTargetDependency */ = {
			isa = PBXTargetDependency;
			target = B83BC9AC257F4F4100D2D252 /* Alibi */;
			targetProxy = B83BC9C4257F4F4200D2D252 /* PBXContainerItemProxy */;
		};
		B83BC9D0257F4F4200D2D252 /* PBXTargetDependency */ = {
			isa = PBXTargetDependency;
			target = B83BC9AC257F4F4100D2D252 /* Alibi */;
			targetProxy = B83BC9CF257F4F4200D2D252 /* PBXContainerItemProxy */;
		};
/* End PBXTargetDependency section */

/* Begin PBXVariantGroup section */
		B83BC9BB257F4F4200D2D252 /* LaunchScreen.storyboard */ = {
			isa = PBXVariantGroup;
			children = (
				B83BC9BC257F4F4200D2D252 /* Base */,
			);
			name = LaunchScreen.storyboard;
			sourceTree = "<group>";
		};
/* End PBXVariantGroup section */

/* Begin XCBuildConfiguration section */
		B83BC9D5257F4F4200D2D252 /* Debug */ = {
			isa = XCBuildConfiguration;
			buildSettings = {
				ALWAYS_SEARCH_USER_PATHS = NO;
				CLANG_ANALYZER_NONNULL = YES;
				CLANG_ANALYZER_NUMBER_OBJECT_CONVERSION = YES_AGGRESSIVE;
				CLANG_CXX_LANGUAGE_STANDARD = "gnu++14";
				CLANG_CXX_LIBRARY = "libc++";
				CLANG_ENABLE_MODULES = YES;
				CLANG_ENABLE_OBJC_ARC = YES;
				CLANG_ENABLE_OBJC_WEAK = YES;
				CLANG_WARN_BLOCK_CAPTURE_AUTORELEASING = YES;
				CLANG_WARN_BOOL_CONVERSION = YES;
				CLANG_WARN_COMMA = YES;
				CLANG_WARN_CONSTANT_CONVERSION = YES;
				CLANG_WARN_DEPRECATED_OBJC_IMPLEMENTATIONS = YES;
				CLANG_WARN_DIRECT_OBJC_ISA_USAGE = YES_ERROR;
				CLANG_WARN_DOCUMENTATION_COMMENTS = YES;
				CLANG_WARN_EMPTY_BODY = YES;
				CLANG_WARN_ENUM_CONVERSION = YES;
				CLANG_WARN_INFINITE_RECURSION = YES;
				CLANG_WARN_INT_CONVERSION = YES;
				CLANG_WARN_NON_LITERAL_NULL_CONVERSION = YES;
				CLANG_WARN_OBJC_IMPLICIT_RETAIN_SELF = YES;
				CLANG_WARN_OBJC_LITERAL_CONVERSION = YES;
				CLANG_WARN_OBJC_ROOT_CLASS = YES_ERROR;
				CLANG_WARN_QUOTED_INCLUDE_IN_FRAMEWORK_HEADER = YES;
				CLANG_WARN_RANGE_LOOP_ANALYSIS = YES;
				CLANG_WARN_STRICT_PROTOTYPES = YES;
				CLANG_WARN_SUSPICIOUS_MOVE = YES;
				CLANG_WARN_UNGUARDED_AVAILABILITY = YES_AGGRESSIVE;
				CLANG_WARN_UNREACHABLE_CODE = YES;
				CLANG_WARN__DUPLICATE_METHOD_MATCH = YES;
				COPY_PHASE_STRIP = NO;
				DEBUG_INFORMATION_FORMAT = dwarf;
				ENABLE_STRICT_OBJC_MSGSEND = YES;
				ENABLE_TESTABILITY = YES;
				GCC_C_LANGUAGE_STANDARD = gnu11;
				GCC_DYNAMIC_NO_PIC = NO;
				GCC_NO_COMMON_BLOCKS = YES;
				GCC_OPTIMIZATION_LEVEL = 0;
				GCC_PREPROCESSOR_DEFINITIONS = (
					"DEBUG=1",
					"$(inherited)",
				);
				GCC_WARN_64_TO_32_BIT_CONVERSION = YES;
				GCC_WARN_ABOUT_RETURN_TYPE = YES_ERROR;
				GCC_WARN_UNDECLARED_SELECTOR = YES;
				GCC_WARN_UNINITIALIZED_AUTOS = YES_AGGRESSIVE;
				GCC_WARN_UNUSED_FUNCTION = YES;
				GCC_WARN_UNUSED_VARIABLE = YES;
				IPHONEOS_DEPLOYMENT_TARGET = 14.2;
				MTL_ENABLE_DEBUG_INFO = INCLUDE_SOURCE;
				MTL_FAST_MATH = YES;
				ONLY_ACTIVE_ARCH = YES;
				SDKROOT = iphoneos;
				SWIFT_ACTIVE_COMPILATION_CONDITIONS = DEBUG;
				SWIFT_OPTIMIZATION_LEVEL = "-Onone";
			};
			name = Debug;
		};
		B83BC9D6257F4F4200D2D252 /* Release */ = {
			isa = XCBuildConfiguration;
			buildSettings = {
				ALWAYS_SEARCH_USER_PATHS = NO;
				CLANG_ANALYZER_NONNULL = YES;
				CLANG_ANALYZER_NUMBER_OBJECT_CONVERSION = YES_AGGRESSIVE;
				CLANG_CXX_LANGUAGE_STANDARD = "gnu++14";
				CLANG_CXX_LIBRARY = "libc++";
				CLANG_ENABLE_MODULES = YES;
				CLANG_ENABLE_OBJC_ARC = YES;
				CLANG_ENABLE_OBJC_WEAK = YES;
				CLANG_WARN_BLOCK_CAPTURE_AUTORELEASING = YES;
				CLANG_WARN_BOOL_CONVERSION = YES;
				CLANG_WARN_COMMA = YES;
				CLANG_WARN_CONSTANT_CONVERSION = YES;
				CLANG_WARN_DEPRECATED_OBJC_IMPLEMENTATIONS = YES;
				CLANG_WARN_DIRECT_OBJC_ISA_USAGE = YES_ERROR;
				CLANG_WARN_DOCUMENTATION_COMMENTS = YES;
				CLANG_WARN_EMPTY_BODY = YES;
				CLANG_WARN_ENUM_CONVERSION = YES;
				CLANG_WARN_INFINITE_RECURSION = YES;
				CLANG_WARN_INT_CONVERSION = YES;
				CLANG_WARN_NON_LITERAL_NULL_CONVERSION = YES;
				CLANG_WARN_OBJC_IMPLICIT_RETAIN_SELF = YES;
				CLANG_WARN_OBJC_LITERAL_CONVERSION = YES;
				CLANG_WARN_OBJC_ROOT_CLASS = YES_ERROR;
				CLANG_WARN_QUOTED_INCLUDE_IN_FRAMEWORK_HEADER = YES;
				CLANG_WARN_RANGE_LOOP_ANALYSIS = YES;
				CLANG_WARN_STRICT_PROTOTYPES = YES;
				CLANG_WARN_SUSPICIOUS_MOVE = YES;
				CLANG_WARN_UNGUARDED_AVAILABILITY = YES_AGGRESSIVE;
				CLANG_WARN_UNREACHABLE_CODE = YES;
				CLANG_WARN__DUPLICATE_METHOD_MATCH = YES;
				COPY_PHASE_STRIP = NO;
				DEBUG_INFORMATION_FORMAT = "dwarf-with-dsym";
				ENABLE_NS_ASSERTIONS = NO;
				ENABLE_STRICT_OBJC_MSGSEND = YES;
				GCC_C_LANGUAGE_STANDARD = gnu11;
				GCC_NO_COMMON_BLOCKS = YES;
				GCC_WARN_64_TO_32_BIT_CONVERSION = YES;
				GCC_WARN_ABOUT_RETURN_TYPE = YES_ERROR;
				GCC_WARN_UNDECLARED_SELECTOR = YES;
				GCC_WARN_UNINITIALIZED_AUTOS = YES_AGGRESSIVE;
				GCC_WARN_UNUSED_FUNCTION = YES;
				GCC_WARN_UNUSED_VARIABLE = YES;
				IPHONEOS_DEPLOYMENT_TARGET = 14.2;
				MTL_ENABLE_DEBUG_INFO = NO;
				MTL_FAST_MATH = YES;
				SDKROOT = iphoneos;
				SWIFT_COMPILATION_MODE = wholemodule;
				SWIFT_OPTIMIZATION_LEVEL = "-O";
				VALIDATE_PRODUCT = YES;
			};
			name = Release;
		};
		B83BC9D8257F4F4200D2D252 /* Debug */ = {
			isa = XCBuildConfiguration;
			buildSettings = {
				ASSETCATALOG_COMPILER_APPICON_NAME = AppIcon;
				ASSETCATALOG_COMPILER_GLOBAL_ACCENT_COLOR_NAME = AccentColor;
				CODE_SIGN_STYLE = Automatic;
				DEVELOPMENT_ASSET_PATHS = "\"Alibi/Preview Content\"";
				DEVELOPMENT_TEAM = 3D6564N22P;
				ENABLE_PREVIEWS = YES;
				INFOPLIST_FILE = Alibi/Info.plist;
				LD_RUNPATH_SEARCH_PATHS = (
					"$(inherited)",
					"@executable_path/Frameworks",
				);
				PRODUCT_BUNDLE_IDENTIFIER = tomoino.Alibi;
				PRODUCT_NAME = "$(TARGET_NAME)";
				SWIFT_VERSION = 5.0;
				TARGETED_DEVICE_FAMILY = "1,2";
			};
			name = Debug;
		};
		B83BC9D9257F4F4200D2D252 /* Release */ = {
			isa = XCBuildConfiguration;
			buildSettings = {
				ASSETCATALOG_COMPILER_APPICON_NAME = AppIcon;
				ASSETCATALOG_COMPILER_GLOBAL_ACCENT_COLOR_NAME = AccentColor;
				CODE_SIGN_STYLE = Automatic;
				DEVELOPMENT_ASSET_PATHS = "\"Alibi/Preview Content\"";
				DEVELOPMENT_TEAM = 3D6564N22P;
				ENABLE_PREVIEWS = YES;
				INFOPLIST_FILE = Alibi/Info.plist;
				LD_RUNPATH_SEARCH_PATHS = (
					"$(inherited)",
					"@executable_path/Frameworks",
				);
				PRODUCT_BUNDLE_IDENTIFIER = tomoino.Alibi;
				PRODUCT_NAME = "$(TARGET_NAME)";
				SWIFT_VERSION = 5.0;
				TARGETED_DEVICE_FAMILY = "1,2";
			};
			name = Release;
		};
		B83BC9DB257F4F4200D2D252 /* Debug */ = {
			isa = XCBuildConfiguration;
			buildSettings = {
				ALWAYS_EMBED_SWIFT_STANDARD_LIBRARIES = YES;
				BUNDLE_LOADER = "$(TEST_HOST)";
				CODE_SIGN_STYLE = Automatic;
				DEVELOPMENT_TEAM = 3D6564N22P;
				INFOPLIST_FILE = AlibiTests/Info.plist;
				IPHONEOS_DEPLOYMENT_TARGET = 14.3;
				LD_RUNPATH_SEARCH_PATHS = (
					"$(inherited)",
					"@executable_path/Frameworks",
					"@loader_path/Frameworks",
				);
				PRODUCT_BUNDLE_IDENTIFIER = tomoino.AlibiTests;
				PRODUCT_NAME = "$(TARGET_NAME)";
				SWIFT_VERSION = 5.0;
				TARGETED_DEVICE_FAMILY = "1,2";
				TEST_HOST = "$(BUILT_PRODUCTS_DIR)/Alibi.app/Alibi";
			};
			name = Debug;
		};
		B83BC9DC257F4F4200D2D252 /* Release */ = {
			isa = XCBuildConfiguration;
			buildSettings = {
				ALWAYS_EMBED_SWIFT_STANDARD_LIBRARIES = YES;
				BUNDLE_LOADER = "$(TEST_HOST)";
				CODE_SIGN_STYLE = Automatic;
				DEVELOPMENT_TEAM = 3D6564N22P;
				INFOPLIST_FILE = AlibiTests/Info.plist;
				IPHONEOS_DEPLOYMENT_TARGET = 14.3;
				LD_RUNPATH_SEARCH_PATHS = (
					"$(inherited)",
					"@executable_path/Frameworks",
					"@loader_path/Frameworks",
				);
				PRODUCT_BUNDLE_IDENTIFIER = tomoino.AlibiTests;
				PRODUCT_NAME = "$(TARGET_NAME)";
				SWIFT_VERSION = 5.0;
				TARGETED_DEVICE_FAMILY = "1,2";
				TEST_HOST = "$(BUILT_PRODUCTS_DIR)/Alibi.app/Alibi";
			};
			name = Release;
		};
		B83BC9DE257F4F4200D2D252 /* Debug */ = {
			isa = XCBuildConfiguration;
			buildSettings = {
				ALWAYS_EMBED_SWIFT_STANDARD_LIBRARIES = YES;
				CODE_SIGN_STYLE = Automatic;
				DEVELOPMENT_TEAM = 3D6564N22P;
				INFOPLIST_FILE = AlibiUITests/Info.plist;
				LD_RUNPATH_SEARCH_PATHS = (
					"$(inherited)",
					"@executable_path/Frameworks",
					"@loader_path/Frameworks",
				);
				PRODUCT_BUNDLE_IDENTIFIER = tomoino.AlibiUITests;
				PRODUCT_NAME = "$(TARGET_NAME)";
				SWIFT_VERSION = 5.0;
				TARGETED_DEVICE_FAMILY = "1,2";
				TEST_TARGET_NAME = Alibi;
			};
			name = Debug;
		};
		B83BC9DF257F4F4200D2D252 /* Release */ = {
			isa = XCBuildConfiguration;
			buildSettings = {
				ALWAYS_EMBED_SWIFT_STANDARD_LIBRARIES = YES;
				CODE_SIGN_STYLE = Automatic;
				DEVELOPMENT_TEAM = 3D6564N22P;
				INFOPLIST_FILE = AlibiUITests/Info.plist;
				LD_RUNPATH_SEARCH_PATHS = (
					"$(inherited)",
					"@executable_path/Frameworks",
					"@loader_path/Frameworks",
				);
				PRODUCT_BUNDLE_IDENTIFIER = tomoino.AlibiUITests;
				PRODUCT_NAME = "$(TARGET_NAME)";
				SWIFT_VERSION = 5.0;
				TARGETED_DEVICE_FAMILY = "1,2";
				TEST_TARGET_NAME = Alibi;
			};
			name = Release;
		};
/* End XCBuildConfiguration section */

/* Begin XCConfigurationList section */
		B83BC9A8257F4F4100D2D252 /* Build configuration list for PBXProject "Alibi" */ = {
			isa = XCConfigurationList;
			buildConfigurations = (
				B83BC9D5257F4F4200D2D252 /* Debug */,
				B83BC9D6257F4F4200D2D252 /* Release */,
			);
			defaultConfigurationIsVisible = 0;
			defaultConfigurationName = Release;
		};
		B83BC9D7257F4F4200D2D252 /* Build configuration list for PBXNativeTarget "Alibi" */ = {
			isa = XCConfigurationList;
			buildConfigurations = (
				B83BC9D8257F4F4200D2D252 /* Debug */,
				B83BC9D9257F4F4200D2D252 /* Release */,
			);
			defaultConfigurationIsVisible = 0;
			defaultConfigurationName = Release;
		};
		B83BC9DA257F4F4200D2D252 /* Build configuration list for PBXNativeTarget "AlibiTests" */ = {
			isa = XCConfigurationList;
			buildConfigurations = (
				B83BC9DB257F4F4200D2D252 /* Debug */,
				B83BC9DC257F4F4200D2D252 /* Release */,
			);
			defaultConfigurationIsVisible = 0;
			defaultConfigurationName = Release;
		};
		B83BC9DD257F4F4200D2D252 /* Build configuration list for PBXNativeTarget "AlibiUITests" */ = {
			isa = XCConfigurationList;
			buildConfigurations = (
				B83BC9DE257F4F4200D2D252 /* Debug */,
				B83BC9DF257F4F4200D2D252 /* Release */,
			);
			defaultConfigurationIsVisible = 0;
			defaultConfigurationName = Release;
		};
/* End XCConfigurationList section */
	};
	rootObject = B83BC9A5257F4F4100D2D252 /* Project object */;
}
